// !$*UTF8*$!
{
	archiveVersion = 1;
	classes = {
	};
	objectVersion = 46;
	objects = {

/* Begin PBXBuildFile section */
		A1E87B391EBDEFA20063E3D5 /* AppDelegate.swift in Sources */ = {isa = PBXBuildFile; fileRef = A1E87B381EBDEFA20063E3D5 /* AppDelegate.swift */; };
		A1E87B3B1EBDEFA20063E3D5 /* ViewController.swift in Sources */ = {isa = PBXBuildFile; fileRef = A1E87B3A1EBDEFA20063E3D5 /* ViewController.swift */; };
		A1E87B3E1EBDEFA20063E3D5 /* Main.storyboard in Resources */ = {isa = PBXBuildFile; fileRef = A1E87B3C1EBDEFA20063E3D5 /* Main.storyboard */; };
		A1E87B401EBDEFA20063E3D5 /* Assets.xcassets in Resources */ = {isa = PBXBuildFile; fileRef = A1E87B3F1EBDEFA20063E3D5 /* Assets.xcassets */; };
		A1E87B431EBDEFA20063E3D5 /* LaunchScreen.storyboard in Resources */ = {isa = PBXBuildFile; fileRef = A1E87B411EBDEFA20063E3D5 /* LaunchScreen.storyboard */; };
		A1E87B4E1EBDEFA20063E3D5 /* NewNotificationsTests.swift in Sources */ = {isa = PBXBuildFile; fileRef = A1E87B4D1EBDEFA20063E3D5 /* NewNotificationsTests.swift */; };
		A1E87B591EBDF4AA0063E3D5 /* rick_grimes.gif in Resources */ = {isa = PBXBuildFile; fileRef = A1E87B581EBDF4AA0063E3D5 /* rick_grimes.gif */; };
		A1E87B611EBDF7BC0063E3D5 /* UserNotifications.framework in Frameworks */ = {isa = PBXBuildFile; fileRef = A1E87B601EBDF7BC0063E3D5 /* UserNotifications.framework */; };
		A1E87B631EBDF7BC0063E3D5 /* UserNotificationsUI.framework in Frameworks */ = {isa = PBXBuildFile; fileRef = A1E87B621EBDF7BC0063E3D5 /* UserNotificationsUI.framework */; };
		A1E87B661EBDF7BC0063E3D5 /* NotificationViewController.swift in Sources */ = {isa = PBXBuildFile; fileRef = A1E87B651EBDF7BC0063E3D5 /* NotificationViewController.swift */; };
		A1E87B691EBDF7BC0063E3D5 /* MainInterface.storyboard in Resources */ = {isa = PBXBuildFile; fileRef = A1E87B671EBDF7BC0063E3D5 /* MainInterface.storyboard */; };
		A1E87B6D1EBDF7BC0063E3D5 /* MyContentExtension.appex in Embed App Extensions */ = {isa = PBXBuildFile; fileRef = A1E87B5E1EBDF7BC0063E3D5 /* MyContentExtension.appex */; settings = {ATTRIBUTES = (RemoveHeadersOnCopy, ); }; };
/* End PBXBuildFile section */

/* Begin PBXContainerItemProxy section */
		A1E87B4A1EBDEFA20063E3D5 /* PBXContainerItemProxy */ = {
			isa = PBXContainerItemProxy;
			containerPortal = A1E87B2D1EBDEFA20063E3D5 /* Project object */;
			proxyType = 1;
			remoteGlobalIDString = A1E87B341EBDEFA20063E3D5;
			remoteInfo = NewNotifications;
		};
		A1E87B6B1EBDF7BC0063E3D5 /* PBXContainerItemProxy */ = {
			isa = PBXContainerItemProxy;
			containerPortal = A1E87B2D1EBDEFA20063E3D5 /* Project object */;
			proxyType = 1;
			remoteGlobalIDString = A1E87B5D1EBDF7BC0063E3D5;
			remoteInfo = MyContentExtension;
		};
/* End PBXContainerItemProxy section */

/* Begin PBXCopyFilesBuildPhase section */
		A1E87B711EBDF7BC0063E3D5 /* Embed App Extensions */ = {
			isa = PBXCopyFilesBuildPhase;
			buildActionMask = 2147483647;
			dstPath = "";
			dstSubfolderSpec = 13;
			files = (
				A1E87B6D1EBDF7BC0063E3D5 /* MyContentExtension.appex in Embed App Extensions */,
			);
			name = "Embed App Extensions";
			runOnlyForDeploymentPostprocessing = 0;
		};
/* End PBXCopyFilesBuildPhase section */

/* Begin PBXFileReference section */
		A1E87B351EBDEFA20063E3D5 /* NewNotifications.app */ = {isa = PBXFileReference; explicitFileType = wrapper.application; includeInIndex = 0; path = NewNotifications.app; sourceTree = BUILT_PRODUCTS_DIR; };
		A1E87B381EBDEFA20063E3D5 /* AppDelegate.swift */ = {isa = PBXFileReference; lastKnownFileType = sourcecode.swift; path = AppDelegate.swift; sourceTree = "<group>"; };
		A1E87B3A1EBDEFA20063E3D5 /* ViewController.swift */ = {isa = PBXFileReference; lastKnownFileType = sourcecode.swift; path = ViewController.swift; sourceTree = "<group>"; };
		A1E87B3D1EBDEFA20063E3D5 /* Base */ = {isa = PBXFileReference; lastKnownFileType = file.storyboard; name = Base; path = Base.lproj/Main.storyboard; sourceTree = "<group>"; };
		A1E87B3F1EBDEFA20063E3D5 /* Assets.xcassets */ = {isa = PBXFileReference; lastKnownFileType = folder.assetcatalog; path = Assets.xcassets; sourceTree = "<group>"; };
		A1E87B421EBDEFA20063E3D5 /* Base */ = {isa = PBXFileReference; lastKnownFileType = file.storyboard; name = Base; path = Base.lproj/LaunchScreen.storyboard; sourceTree = "<group>"; };
		A1E87B441EBDEFA20063E3D5 /* Info.plist */ = {isa = PBXFileReference; lastKnownFileType = text.plist.xml; path = Info.plist; sourceTree = "<group>"; };
		A1E87B491EBDEFA20063E3D5 /* NewNotificationsTests.xctest */ = {isa = PBXFileReference; explicitFileType = wrapper.cfbundle; includeInIndex = 0; path = NewNotificationsTests.xctest; sourceTree = BUILT_PRODUCTS_DIR; };
		A1E87B4D1EBDEFA20063E3D5 /* NewNotificationsTests.swift */ = {isa = PBXFileReference; lastKnownFileType = sourcecode.swift; path = NewNotificationsTests.swift; sourceTree = "<group>"; };
		A1E87B4F1EBDEFA20063E3D5 /* Info.plist */ = {isa = PBXFileReference; lastKnownFileType = text.plist.xml; path = Info.plist; sourceTree = "<group>"; };
		A1E87B581EBDF4AA0063E3D5 /* rick_grimes.gif */ = {isa = PBXFileReference; lastKnownFileType = image.gif; path = rick_grimes.gif; sourceTree = "<group>"; };
		A1E87B5E1EBDF7BC0063E3D5 /* MyContentExtension.appex */ = {isa = PBXFileReference; explicitFileType = "wrapper.app-extension"; includeInIndex = 0; path = MyContentExtension.appex; sourceTree = BUILT_PRODUCTS_DIR; };
		A1E87B601EBDF7BC0063E3D5 /* UserNotifications.framework */ = {isa = PBXFileReference; lastKnownFileType = wrapper.framework; name = UserNotifications.framework; path = System/Library/Frameworks/UserNotifications.framework; sourceTree = SDKROOT; };
		A1E87B621EBDF7BC0063E3D5 /* UserNotificationsUI.framework */ = {isa = PBXFileReference; lastKnownFileType = wrapper.framework; name = UserNotificationsUI.framework; path = System/Library/Frameworks/UserNotificationsUI.framework; sourceTree = SDKROOT; };
		A1E87B651EBDF7BC0063E3D5 /* NotificationViewController.swift */ = {isa = PBXFileReference; lastKnownFileType = sourcecode.swift; path = NotificationViewController.swift; sourceTree = "<group>"; };
		A1E87B681EBDF7BC0063E3D5 /* Base */ = {isa = PBXFileReference; lastKnownFileType = file.storyboard; name = Base; path = Base.lproj/MainInterface.storyboard; sourceTree = "<group>"; };
		A1E87B6A1EBDF7BC0063E3D5 /* Info.plist */ = {isa = PBXFileReference; lastKnownFileType = text.plist.xml; path = Info.plist; sourceTree = "<group>"; };
/* End PBXFileReference section */

/* Begin PBXFrameworksBuildPhase section */
		A1E87B321EBDEFA20063E3D5 /* Frameworks */ = {
			isa = PBXFrameworksBuildPhase;
			buildActionMask = 2147483647;
			files = (
			);
			runOnlyForDeploymentPostprocessing = 0;
		};
		A1E87B461EBDEFA20063E3D5 /* Frameworks */ = {
			isa = PBXFrameworksBuildPhase;
			buildActionMask = 2147483647;
			files = (
			);
			runOnlyForDeploymentPostprocessing = 0;
		};
		A1E87B5B1EBDF7BC0063E3D5 /* Frameworks */ = {
			isa = PBXFrameworksBuildPhase;
			buildActionMask = 2147483647;
			files = (
				A1E87B631EBDF7BC0063E3D5 /* UserNotificationsUI.framework in Frameworks */,
				A1E87B611EBDF7BC0063E3D5 /* UserNotifications.framework in Frameworks */,
			);
			runOnlyForDeploymentPostprocessing = 0;
		};
/* End PBXFrameworksBuildPhase section */

/* Begin PBXGroup section */
		A1E87B2C1EBDEFA20063E3D5 = {
			isa = PBXGroup;
			children = (
				A1E87B371EBDEFA20063E3D5 /* NewNotifications */,
				A1E87B641EBDF7BC0063E3D5 /* MyContentExtension */,
				A1E87B4C1EBDEFA20063E3D5 /* NewNotificationsTests */,
				A1E87B5F1EBDF7BC0063E3D5 /* Frameworks */,
				A1E87B361EBDEFA20063E3D5 /* Products */,
			);
			sourceTree = "<group>";
		};
		A1E87B361EBDEFA20063E3D5 /* Products */ = {
			isa = PBXGroup;
			children = (
				A1E87B351EBDEFA20063E3D5 /* NewNotifications.app */,
				A1E87B491EBDEFA20063E3D5 /* NewNotificationsTests.xctest */,
				A1E87B5E1EBDF7BC0063E3D5 /* MyContentExtension.appex */,
			);
			name = Products;
			sourceTree = "<group>";
		};
		A1E87B371EBDEFA20063E3D5 /* NewNotifications */ = {
			isa = PBXGroup;
			children = (
				A1E87B381EBDEFA20063E3D5 /* AppDelegate.swift */,
				A1E87B3A1EBDEFA20063E3D5 /* ViewController.swift */,
				A1E87B3C1EBDEFA20063E3D5 /* Main.storyboard */,
				A1E87B3F1EBDEFA20063E3D5 /* Assets.xcassets */,
				A1E87B581EBDF4AA0063E3D5 /* rick_grimes.gif */,
				A1E87B411EBDEFA20063E3D5 /* LaunchScreen.storyboard */,
				A1E87B441EBDEFA20063E3D5 /* Info.plist */,
			);
			path = NewNotifications;
			sourceTree = "<group>";
		};
		A1E87B4C1EBDEFA20063E3D5 /* NewNotificationsTests */ = {
			isa = PBXGroup;
			children = (
				A1E87B4D1EBDEFA20063E3D5 /* NewNotificationsTests.swift */,
				A1E87B4F1EBDEFA20063E3D5 /* Info.plist */,
			);
			path = NewNotificationsTests;
			sourceTree = "<group>";
		};
		A1E87B5F1EBDF7BC0063E3D5 /* Frameworks */ = {
			isa = PBXGroup;
			children = (
				A1E87B601EBDF7BC0063E3D5 /* UserNotifications.framework */,
				A1E87B621EBDF7BC0063E3D5 /* UserNotificationsUI.framework */,
			);
			name = Frameworks;
			sourceTree = "<group>";
		};
		A1E87B641EBDF7BC0063E3D5 /* MyContentExtension */ = {
			isa = PBXGroup;
			children = (
				A1E87B651EBDF7BC0063E3D5 /* NotificationViewController.swift */,
				A1E87B671EBDF7BC0063E3D5 /* MainInterface.storyboard */,
				A1E87B6A1EBDF7BC0063E3D5 /* Info.plist */,
			);
			path = MyContentExtension;
			sourceTree = "<group>";
		};
/* End PBXGroup section */

/* Begin PBXNativeTarget section */
		A1E87B341EBDEFA20063E3D5 /* NewNotifications */ = {
			isa = PBXNativeTarget;
			buildConfigurationList = A1E87B521EBDEFA20063E3D5 /* Build configuration list for PBXNativeTarget "NewNotifications" */;
			buildPhases = (
				A1E87B311EBDEFA20063E3D5 /* Sources */,
				A1E87B321EBDEFA20063E3D5 /* Frameworks */,
				A1E87B331EBDEFA20063E3D5 /* Resources */,
				A1E87B711EBDF7BC0063E3D5 /* Embed App Extensions */,
			);
			buildRules = (
			);
			dependencies = (
				A1E87B6C1EBDF7BC0063E3D5 /* PBXTargetDependency */,
			);
			name = NewNotifications;
			productName = NewNotifications;
			productReference = A1E87B351EBDEFA20063E3D5 /* NewNotifications.app */;
			productType = "com.apple.product-type.application";
		};
		A1E87B481EBDEFA20063E3D5 /* NewNotificationsTests */ = {
			isa = PBXNativeTarget;
			buildConfigurationList = A1E87B551EBDEFA20063E3D5 /* Build configuration list for PBXNativeTarget "NewNotificationsTests" */;
			buildPhases = (
				A1E87B451EBDEFA20063E3D5 /* Sources */,
				A1E87B461EBDEFA20063E3D5 /* Frameworks */,
				A1E87B471EBDEFA20063E3D5 /* Resources */,
			);
			buildRules = (
			);
			dependencies = (
				A1E87B4B1EBDEFA20063E3D5 /* PBXTargetDependency */,
			);
			name = NewNotificationsTests;
			productName = NewNotificationsTests;
			productReference = A1E87B491EBDEFA20063E3D5 /* NewNotificationsTests.xctest */;
			productType = "com.apple.product-type.bundle.unit-test";
		};
		A1E87B5D1EBDF7BC0063E3D5 /* MyContentExtension */ = {
			isa = PBXNativeTarget;
			buildConfigurationList = A1E87B6E1EBDF7BC0063E3D5 /* Build configuration list for PBXNativeTarget "MyContentExtension" */;
			buildPhases = (
				A1E87B5A1EBDF7BC0063E3D5 /* Sources */,
				A1E87B5B1EBDF7BC0063E3D5 /* Frameworks */,
				A1E87B5C1EBDF7BC0063E3D5 /* Resources */,
			);
			buildRules = (
			);
			dependencies = (
			);
			name = MyContentExtension;
			productName = MyContentExtension;
			productReference = A1E87B5E1EBDF7BC0063E3D5 /* MyContentExtension.appex */;
			productType = "com.apple.product-type.app-extension";
		};
/* End PBXNativeTarget section */

/* Begin PBXProject section */
		A1E87B2D1EBDEFA20063E3D5 /* Project object */ = {
			isa = PBXProject;
			attributes = {
				LastSwiftUpdateCheck = 0830;
				LastUpgradeCheck = 0830;
				ORGANIZATIONNAME = EdUHK;
				TargetAttributes = {
					A1E87B341EBDEFA20063E3D5 = {
						CreatedOnToolsVersion = 8.3.2;
						DevelopmentTeam = XC93Z57WW3;
						ProvisioningStyle = Automatic;
					};
					A1E87B481EBDEFA20063E3D5 = {
						CreatedOnToolsVersion = 8.3.2;
						DevelopmentTeam = XC93Z57WW3;
						ProvisioningStyle = Automatic;
						TestTargetID = A1E87B341EBDEFA20063E3D5;
					};
					A1E87B5D1EBDF7BC0063E3D5 = {
						CreatedOnToolsVersion = 8.3.2;
						DevelopmentTeam = XC93Z57WW3;
						ProvisioningStyle = Automatic;
					};
				};
			};
			buildConfigurationList = A1E87B301EBDEFA20063E3D5 /* Build configuration list for PBXProject "NewNotifications" */;
			compatibilityVersion = "Xcode 3.2";
			developmentRegion = English;
			hasScannedForEncodings = 0;
			knownRegions = (
				en,
				Base,
			);
			mainGroup = A1E87B2C1EBDEFA20063E3D5;
			productRefGroup = A1E87B361EBDEFA20063E3D5 /* Products */;
			projectDirPath = "";
			projectRoot = "";
			targets = (
				A1E87B341EBDEFA20063E3D5 /* NewNotifications */,
				A1E87B481EBDEFA20063E3D5 /* NewNotificationsTests */,
				A1E87B5D1EBDF7BC0063E3D5 /* MyContentExtension */,
			);
		};
/* End PBXProject section */

/* Begin PBXResourcesBuildPhase section */
		A1E87B331EBDEFA20063E3D5 /* Resources */ = {
			isa = PBXResourcesBuildPhase;
			buildActionMask = 2147483647;
			files = (
				A1E87B431EBDEFA20063E3D5 /* LaunchScreen.storyboard in Resources */,
				A1E87B401EBDEFA20063E3D5 /* Assets.xcassets in Resources */,
				A1E87B591EBDF4AA0063E3D5 /* rick_grimes.gif in Resources */,
				A1E87B3E1EBDEFA20063E3D5 /* Main.storyboard in Resources */,
			);
			runOnlyForDeploymentPostprocessing = 0;
		};
		A1E87B471EBDEFA20063E3D5 /* Resources */ = {
			isa = PBXResourcesBuildPhase;
			buildActionMask = 2147483647;
			files = (
			);
			runOnlyForDeploymentPostprocessing = 0;
		};
		A1E87B5C1EBDF7BC0063E3D5 /* Resources */ = {
			isa = PBXResourcesBuildPhase;
			buildActionMask = 2147483647;
			files = (
				A1E87B691EBDF7BC0063E3D5 /* MainInterface.storyboard in Resources */,
			);
			runOnlyForDeploymentPostprocessing = 0;
		};
/* End PBXResourcesBuildPhase section */

/* Begin PBXSourcesBuildPhase section */
		A1E87B311EBDEFA20063E3D5 /* Sources */ = {
			isa = PBXSourcesBuildPhase;
			buildActionMask = 2147483647;
			files = (
				A1E87B3B1EBDEFA20063E3D5 /* ViewController.swift in Sources */,
				A1E87B391EBDEFA20063E3D5 /* AppDelegate.swift in Sources */,
			);
			runOnlyForDeploymentPostprocessing = 0;
		};
		A1E87B451EBDEFA20063E3D5 /* Sources */ = {
			isa = PBXSourcesBuildPhase;
			buildActionMask = 2147483647;
			files = (
				A1E87B4E1EBDEFA20063E3D5 /* NewNotificationsTests.swift in Sources */,
			);
			runOnlyForDeploymentPostprocessing = 0;
		};
		A1E87B5A1EBDF7BC0063E3D5 /* Sources */ = {
			isa = PBXSourcesBuildPhase;
			buildActionMask = 2147483647;
			files = (
				A1E87B661EBDF7BC0063E3D5 /* NotificationViewController.swift in Sources */,
			);
			runOnlyForDeploymentPostprocessing = 0;
		};
/* End PBXSourcesBuildPhase section */

/* Begin PBXTargetDependency section */
		A1E87B4B1EBDEFA20063E3D5 /* PBXTargetDependency */ = {
			isa = PBXTargetDependency;
			target = A1E87B341EBDEFA20063E3D5 /* NewNotifications */;
			targetProxy = A1E87B4A1EBDEFA20063E3D5 /* PBXContainerItemProxy */;
		};
		A1E87B6C1EBDF7BC0063E3D5 /* PBXTargetDependency */ = {
			isa = PBXTargetDependency;
			target = A1E87B5D1EBDF7BC0063E3D5 /* MyContentExtension */;
			targetProxy = A1E87B6B1EBDF7BC0063E3D5 /* PBXContainerItemProxy */;
		};
/* End PBXTargetDependency section */

/* Begin PBXVariantGroup section */
		A1E87B3C1EBDEFA20063E3D5 /* Main.storyboard */ = {
			isa = PBXVariantGroup;
			children = (
				A1E87B3D1EBDEFA20063E3D5 /* Base */,
			);
			name = Main.storyboard;
			sourceTree = "<group>";
		};
		A1E87B411EBDEFA20063E3D5 /* LaunchScreen.storyboard */ = {
			isa = PBXVariantGroup;
			children = (
				A1E87B421EBDEFA20063E3D5 /* Base */,
			);
			name = LaunchScreen.storyboard;
			sourceTree = "<group>";
		};
		A1E87B671EBDF7BC0063E3D5 /* MainInterface.storyboard */ = {
			isa = PBXVariantGroup;
			children = (
				A1E87B681EBDF7BC0063E3D5 /* Base */,
			);
			name = MainInterface.storyboard;
			sourceTree = "<group>";
		};
/* End PBXVariantGroup section */

/* Begin XCBuildConfiguration section */
		A1E87B501EBDEFA20063E3D5 /* Debug */ = {
			isa = XCBuildConfiguration;
			buildSettings = {
				ALWAYS_SEARCH_USER_PATHS = NO;
				CLANG_ANALYZER_NONNULL = YES;
				CLANG_ANALYZER_NUMBER_OBJECT_CONVERSION = YES_AGGRESSIVE;
				CLANG_CXX_LANGUAGE_STANDARD = "gnu++0x";
				CLANG_CXX_LIBRARY = "libc++";
				CLANG_ENABLE_MODULES = YES;
				CLANG_ENABLE_OBJC_ARC = YES;
				CLANG_WARN_BOOL_CONVERSION = YES;
				CLANG_WARN_CONSTANT_CONVERSION = YES;
				CLANG_WARN_DIRECT_OBJC_ISA_USAGE = YES_ERROR;
				CLANG_WARN_DOCUMENTATION_COMMENTS = YES;
				CLANG_WARN_EMPTY_BODY = YES;
				CLANG_WARN_ENUM_CONVERSION = YES;
				CLANG_WARN_INFINITE_RECURSION = YES;
				CLANG_WARN_INT_CONVERSION = YES;
				CLANG_WARN_OBJC_ROOT_CLASS = YES_ERROR;
				CLANG_WARN_SUSPICIOUS_MOVE = YES;
				CLANG_WARN_UNREACHABLE_CODE = YES;
				CLANG_WARN__DUPLICATE_METHOD_MATCH = YES;
				"CODE_SIGN_IDENTITY[sdk=iphoneos*]" = "iPhone Developer";
				COPY_PHASE_STRIP = NO;
				DEBUG_INFORMATION_FORMAT = dwarf;
				ENABLE_STRICT_OBJC_MSGSEND = YES;
				ENABLE_TESTABILITY = YES;
				GCC_C_LANGUAGE_STANDARD = gnu99;
				GCC_DYNAMIC_NO_PIC = NO;
				GCC_NO_COMMON_BLOCKS = YES;
				GCC_OPTIMIZATION_LEVEL = 0;
				GCC_PREPROCESSOR_DEFINITIONS = (
					"DEBUG=1",
					"$(inherited)",
				);
				GCC_WARN_64_TO_32_BIT_CONVERSION = YES;
				GCC_WARN_ABOUT_RETURN_TYPE = YES_ERROR;
				GCC_WARN_UNDECLARED_SELECTOR = YES;
				GCC_WARN_UNINITIALIZED_AUTOS = YES_AGGRESSIVE;
				GCC_WARN_UNUSED_FUNCTION = YES;
				GCC_WARN_UNUSED_VARIABLE = YES;
				IPHONEOS_DEPLOYMENT_TARGET = 10.3;
				MTL_ENABLE_DEBUG_INFO = YES;
				ONLY_ACTIVE_ARCH = YES;
				SDKROOT = iphoneos;
				SWIFT_ACTIVE_COMPILATION_CONDITIONS = DEBUG;
				SWIFT_OPTIMIZATION_LEVEL = "-Onone";
				TARGETED_DEVICE_FAMILY = "1,2";
			};
			name = Debug;
		};
		A1E87B511EBDEFA20063E3D5 /* Release */ = {
			isa = XCBuildConfiguration;
			buildSettings = {
				ALWAYS_SEARCH_USER_PATHS = NO;
				CLANG_ANALYZER_NONNULL = YES;
				CLANG_ANALYZER_NUMBER_OBJECT_CONVERSION = YES_AGGRESSIVE;
				CLANG_CXX_LANGUAGE_STANDARD = "gnu++0x";
				CLANG_CXX_LIBRARY = "libc++";
				CLANG_ENABLE_MODULES = YES;
				CLANG_ENABLE_OBJC_ARC = YES;
				CLANG_WARN_BOOL_CONVERSION = YES;
				CLANG_WARN_CONSTANT_CONVERSION = YES;
				CLANG_WARN_DIRECT_OBJC_ISA_USAGE = YES_ERROR;
				CLANG_WARN_DOCUMENTATION_COMMENTS = YES;
				CLANG_WARN_EMPTY_BODY = YES;
				CLANG_WARN_ENUM_CONVERSION = YES;
				CLANG_WARN_INFINITE_RECURSION = YES;
				CLANG_WARN_INT_CONVERSION = YES;
				CLANG_WARN_OBJC_ROOT_CLASS = YES_ERROR;
				CLANG_WARN_SUSPICIOUS_MOVE = YES;
				CLANG_WARN_UNREACHABLE_CODE = YES;
				CLANG_WARN__DUPLICATE_METHOD_MATCH = YES;
				"CODE_SIGN_IDENTITY[sdk=iphoneos*]" = "iPhone Developer";
				COPY_PHASE_STRIP = NO;
				DEBUG_INFORMATION_FORMAT = "dwarf-with-dsym";
				ENABLE_NS_ASSERTIONS = NO;
				ENABLE_STRICT_OBJC_MSGSEND = YES;
				GCC_C_LANGUAGE_STANDARD = gnu99;
				GCC_NO_COMMON_BLOCKS = YES;
				GCC_WARN_64_TO_32_BIT_CONVERSION = YES;
				GCC_WARN_ABOUT_RETURN_TYPE = YES_ERROR;
				GCC_WARN_UNDECLARED_SELECTOR = YES;
				GCC_WARN_UNINITIALIZED_AUTOS = YES_AGGRESSIVE;
				GCC_WARN_UNUSED_FUNCTION = YES;
				GCC_WARN_UNUSED_VARIABLE = YES;
				IPHONEOS_DEPLOYMENT_TARGET = 10.3;
				MTL_ENABLE_DEBUG_INFO = NO;
				SDKROOT = iphoneos;
				SWIFT_OPTIMIZATION_LEVEL = "-Owholemodule";
				TARGETED_DEVICE_FAMILY = "1,2";
				VALIDATE_PRODUCT = YES;
			};
			name = Release;
		};
		A1E87B531EBDEFA20063E3D5 /* Debug */ = {
			isa = XCBuildConfiguration;
			buildSettings = {
				ALWAYS_EMBED_SWIFT_STANDARD_LIBRARIES = YES;
				ASSETCATALOG_COMPILER_APPICON_NAME = AppIcon;
				DEVELOPMENT_TEAM = XC93Z57WW3;
				INFOPLIST_FILE = NewNotifications/Info.plist;
				LD_RUNPATH_SEARCH_PATHS = "$(inherited) @executable_path/Frameworks";
				PRODUCT_BUNDLE_IDENTIFIER = ThunderKo.NewNotifications;
				PRODUCT_NAME = "$(TARGET_NAME)";
				SWIFT_VERSION = 3.0;
			};
			name = Debug;
		};
		A1E87B541EBDEFA20063E3D5 /* Release */ = {
			isa = XCBuildConfiguration;
			buildSettings = {
				ALWAYS_EMBED_SWIFT_STANDARD_LIBRARIES = YES;
				ASSETCATALOG_COMPILER_APPICON_NAME = AppIcon;
				DEVELOPMENT_TEAM = XC93Z57WW3;
				INFOPLIST_FILE = NewNotifications/Info.plist;
				LD_RUNPATH_SEARCH_PATHS = "$(inherited) @executable_path/Frameworks";
				PRODUCT_BUNDLE_IDENTIFIER = ThunderKo.NewNotifications;
				PRODUCT_NAME = "$(TARGET_NAME)";
				SWIFT_VERSION = 3.0;
			};
			name = Release;
		};
		A1E87B561EBDEFA20063E3D5 /* Debug */ = {
			isa = XCBuildConfiguration;
			buildSettings = {
				ALWAYS_EMBED_SWIFT_STANDARD_LIBRARIES = YES;
				BUNDLE_LOADER = "$(TEST_HOST)";
				DEVELOPMENT_TEAM = XC93Z57WW3;
				INFOPLIST_FILE = NewNotificationsTests/Info.plist;
				LD_RUNPATH_SEARCH_PATHS = "$(inherited) @executable_path/Frameworks @loader_path/Frameworks";
				PRODUCT_BUNDLE_IDENTIFIER = ThunderKo.NewNotificationsTests;
				PRODUCT_NAME = "$(TARGET_NAME)";
				SWIFT_VERSION = 3.0;
				TEST_HOST = "$(BUILT_PRODUCTS_DIR)/NewNotifications.app/NewNotifications";
			};
			name = Debug;
		};
		A1E87B571EBDEFA20063E3D5 /* Release */ = {
			isa = XCBuildConfiguration;
			buildSettings = {
				ALWAYS_EMBED_SWIFT_STANDARD_LIBRARIES = YES;
				BUNDLE_LOADER = "$(TEST_HOST)";
				DEVELOPMENT_TEAM = XC93Z57WW3;
				INFOPLIST_FILE = NewNotificationsTests/Info.plist;
				LD_RUNPATH_SEARCH_PATHS = "$(inherited) @executable_path/Frameworks @loader_path/Frameworks";
				PRODUCT_BUNDLE_IDENTIFIER = ThunderKo.NewNotificationsTests;
				PRODUCT_NAME = "$(TARGET_NAME)";
				SWIFT_VERSION = 3.0;
				TEST_HOST = "$(BUILT_PRODUCTS_DIR)/NewNotifications.app/NewNotifications";
			};
			name = Release;
		};
		A1E87B6F1EBDF7BC0063E3D5 /* Debug */ = {
			isa = XCBuildConfiguration;
			buildSettings = {
				DEVELOPMENT_TEAM = XC93Z57WW3;
				INFOPLIST_FILE = MyContentExtension/Info.plist;
				LD_RUNPATH_SEARCH_PATHS = "$(inherited) @executable_path/Frameworks @executable_path/../../Frameworks";
				PRODUCT_BUNDLE_IDENTIFIER = ThunderKo.NewNotifications.MyContentExtension;
				PRODUCT_NAME = "$(TARGET_NAME)";
				SKIP_INSTALL = YES;
				SWIFT_VERSION = 3.0;
			};
			name = Debug;
		};
		A1E87B701EBDF7BC0063E3D5 /* Release */ = {
			isa = XCBuildConfiguration;
			buildSettings = {
				DEVELOPMENT_TEAM = XC93Z57WW3;
				INFOPLIST_FILE = MyContentExtension/Info.plist;
				LD_RUNPATH_SEARCH_PATHS = "$(inherited) @executable_path/Frameworks @executable_path/../../Frameworks";
				PRODUCT_BUNDLE_IDENTIFIER = ThunderKo.NewNotifications.MyContentExtension;
				PRODUCT_NAME = "$(TARGET_NAME)";
				SKIP_INSTALL = YES;
				SWIFT_VERSION = 3.0;
			};
			name = Release;
		};
/* End XCBuildConfiguration section */

/* Begin XCConfigurationList section */
		A1E87B301EBDEFA20063E3D5 /* Build configuration list for PBXProject "NewNotifications" */ = {
			isa = XCConfigurationList;
			buildConfigurations = (
				A1E87B501EBDEFA20063E3D5 /* Debug */,
				A1E87B511EBDEFA20063E3D5 /* Release */,
			);
			defaultConfigurationIsVisible = 0;
			defaultConfigurationName = Release;
		};
		A1E87B521EBDEFA20063E3D5 /* Build configuration list for PBXNativeTarget "NewNotifications" */ = {
			isa = XCConfigurationList;
			buildConfigurations = (
				A1E87B531EBDEFA20063E3D5 /* Debug */,
				A1E87B541EBDEFA20063E3D5 /* Release */,
			);
			defaultConfigurationIsVisible = 0;
		};
		A1E87B551EBDEFA20063E3D5 /* Build configuration list for PBXNativeTarget "NewNotificationsTests" */ = {
			isa = XCConfigurationList;
			buildConfigurations = (
				A1E87B561EBDEFA20063E3D5 /* Debug */,
				A1E87B571EBDEFA20063E3D5 /* Release */,
			);
			defaultConfigurationIsVisible = 0;
		};
		A1E87B6E1EBDF7BC0063E3D5 /* Build configuration list for PBXNativeTarget "MyContentExtension" */ = {
			isa = XCConfigurationList;
			buildConfigurations = (
				A1E87B6F1EBDF7BC0063E3D5 /* Debug */,
				A1E87B701EBDF7BC0063E3D5 /* Release */,
			);
			defaultConfigurationIsVisible = 0;
		};
/* End XCConfigurationList section */
	};
	rootObject = A1E87B2D1EBDEFA20063E3D5 /* Project object */;
}
